
Microsoft Visual Studio Solution File, Format Version 12.00
# Visual Studio Version 16
VisualStudioVersion = 16.0.33214.272
MinimumVisualStudioVersion = 10.0.40219.1
Project("{FAE04EC0-301F-11D3-BF4B-00C04F79EFBC}") = "Mission04_cjwalch", "Mission04_cjwalch\Mission04_cjwalch.csproj", "{3E410158-A731-4DF5-9DFA-9C6C8A9B256E}"
EndProject
Global
	GlobalSection(SolutionConfigurationPlatforms) = preSolution
		Debug|Any CPU = Debug|Any CPU
		Release|Any CPU = Release|Any CPU
	EndGlobalSection
	GlobalSection(ProjectConfigurationPlatforms) = postSolution
		{3E410158-A731-4DF5-9DFA-9C6C8A9B256E}.Debug|Any CPU.ActiveCfg = Debug|Any CPU
		{3E410158-A731-4DF5-9DFA-9C6C8A9B256E}.Debug|Any CPU.Build.0 = Debug|Any CPU
		{3E410158-A731-4DF5-9DFA-9C6C8A9B256E}.Release|Any CPU.ActiveCfg = Release|Any CPU
		{3E410158-A731-4DF5-9DFA-9C6C8A9B256E}.Release|Any CPU.Build.0 = Release|Any CPU
	EndGlobalSection
	GlobalSection(SolutionProperties) = preSolution
		HideSolutionNode = FALSE
	EndGlobalSection
	GlobalSection(ExtensibilityGlobals) = postSolution
		SolutionGuid = {6247544B-288F-44BF-B153-E00FDE9C8474}
	EndGlobalSection
EndGlobal
